// !$*UTF8*$!
{
	archiveVersion = 1;
	classes = {
	};
	objectVersion = 55;
	objects = {

/* Begin PBXBuildFile section */
		540F025F28A30B59000FC8E8 /* SwiftUIProjectApp.swift in Sources */ = {isa = PBXBuildFile; fileRef = 540F025E28A30B59000FC8E8 /* SwiftUIProjectApp.swift */; };
		540F026128A30B59000FC8E8 /* TabbarView.swift in Sources */ = {isa = PBXBuildFile; fileRef = 540F026028A30B59000FC8E8 /* TabbarView.swift */; };
		540F026328A30B5B000FC8E8 /* Assets.xcassets in Resources */ = {isa = PBXBuildFile; fileRef = 540F026228A30B5B000FC8E8 /* Assets.xcassets */; };
		540F026628A30B5B000FC8E8 /* Preview Assets.xcassets in Resources */ = {isa = PBXBuildFile; fileRef = 540F026528A30B5B000FC8E8 /* Preview Assets.xcassets */; };
		540F026E28A310FB000FC8E8 /* HomeScreen.swift in Sources */ = {isa = PBXBuildFile; fileRef = 540F026D28A310FB000FC8E8 /* HomeScreen.swift */; };
		540F027028A31125000FC8E8 /* CustomersScreen.swift in Sources */ = {isa = PBXBuildFile; fileRef = 540F026F28A31125000FC8E8 /* CustomersScreen.swift */; };
		540F027228A31189000FC8E8 /* AddCustomer.swift in Sources */ = {isa = PBXBuildFile; fileRef = 540F027128A31189000FC8E8 /* AddCustomer.swift */; };
		540F027428A311EC000FC8E8 /* RoofPricingScreen.swift in Sources */ = {isa = PBXBuildFile; fileRef = 540F027328A311EC000FC8E8 /* RoofPricingScreen.swift */; };
		540F027628A31203000FC8E8 /* ProfileScreen.swift in Sources */ = {isa = PBXBuildFile; fileRef = 540F027528A31203000FC8E8 /* ProfileScreen.swift */; };
		540F027828A31C4D000FC8E8 /* FirstView.swift in Sources */ = {isa = PBXBuildFile; fileRef = 540F027728A31C4D000FC8E8 /* FirstView.swift */; };
		54671C1328AC2C4B003635DA /* APIStore.swift in Sources */ = {isa = PBXBuildFile; fileRef = 54671C1228AC2C4B003635DA /* APIStore.swift */; };
		54671C1528AECD14003635DA /* Models.swift in Sources */ = {isa = PBXBuildFile; fileRef = 54671C1428AECD14003635DA /* Models.swift */; };
/* End PBXBuildFile section */

/* Begin PBXFileReference section */
		540F025B28A30B59000FC8E8 /* SwiftUIProject.app */ = {isa = PBXFileReference; explicitFileType = wrapper.application; includeInIndex = 0; path = SwiftUIProject.app; sourceTree = BUILT_PRODUCTS_DIR; };
		540F025E28A30B59000FC8E8 /* SwiftUIProjectApp.swift */ = {isa = PBXFileReference; lastKnownFileType = sourcecode.swift; path = SwiftUIProjectApp.swift; sourceTree = "<group>"; };
		540F026028A30B59000FC8E8 /* TabbarView.swift */ = {isa = PBXFileReference; lastKnownFileType = sourcecode.swift; path = TabbarView.swift; sourceTree = "<group>"; };
		540F026228A30B5B000FC8E8 /* Assets.xcassets */ = {isa = PBXFileReference; lastKnownFileType = folder.assetcatalog; path = Assets.xcassets; sourceTree = "<group>"; };
		540F026528A30B5B000FC8E8 /* Preview Assets.xcassets */ = {isa = PBXFileReference; lastKnownFileType = folder.assetcatalog; path = "Preview Assets.xcassets"; sourceTree = "<group>"; };
		540F026728A30B5B000FC8E8 /* SwiftUIProject.entitlements */ = {isa = PBXFileReference; lastKnownFileType = text.plist.entitlements; path = SwiftUIProject.entitlements; sourceTree = "<group>"; };
		540F026D28A310FB000FC8E8 /* HomeScreen.swift */ = {isa = PBXFileReference; lastKnownFileType = sourcecode.swift; path = HomeScreen.swift; sourceTree = "<group>"; };
		540F026F28A31125000FC8E8 /* CustomersScreen.swift */ = {isa = PBXFileReference; lastKnownFileType = sourcecode.swift; path = CustomersScreen.swift; sourceTree = "<group>"; };
		540F027128A31189000FC8E8 /* AddCustomer.swift */ = {isa = PBXFileReference; lastKnownFileType = sourcecode.swift; path = AddCustomer.swift; sourceTree = "<group>"; };
		540F027328A311EC000FC8E8 /* RoofPricingScreen.swift */ = {isa = PBXFileReference; lastKnownFileType = sourcecode.swift; path = RoofPricingScreen.swift; sourceTree = "<group>"; };
		540F027528A31203000FC8E8 /* ProfileScreen.swift */ = {isa = PBXFileReference; lastKnownFileType = sourcecode.swift; path = ProfileScreen.swift; sourceTree = "<group>"; };
		540F027728A31C4D000FC8E8 /* FirstView.swift */ = {isa = PBXFileReference; lastKnownFileType = sourcecode.swift; path = FirstView.swift; sourceTree = "<group>"; };
		54671C1228AC2C4B003635DA /* APIStore.swift */ = {isa = PBXFileReference; lastKnownFileType = sourcecode.swift; path = APIStore.swift; sourceTree = "<group>"; };
		54671C1428AECD14003635DA /* Models.swift */ = {isa = PBXFileReference; lastKnownFileType = sourcecode.swift; path = Models.swift; sourceTree = "<group>"; };
/* End PBXFileReference section */

/* Begin PBXFrameworksBuildPhase section */
		540F025828A30B59000FC8E8 /* Frameworks */ = {
			isa = PBXFrameworksBuildPhase;
			buildActionMask = 2147483647;
			files = (
			);
			runOnlyForDeploymentPostprocessing = 0;
		};
/* End PBXFrameworksBuildPhase section */

/* Begin PBXGroup section */
		540F025228A30B59000FC8E8 = {
			isa = PBXGroup;
			children = (
				540F025D28A30B59000FC8E8 /* SwiftUIProject */,
				540F025C28A30B59000FC8E8 /* Products */,
			);
			sourceTree = "<group>";
		};
		540F025C28A30B59000FC8E8 /* Products */ = {
			isa = PBXGroup;
			children = (
				540F025B28A30B59000FC8E8 /* SwiftUIProject.app */,
			);
			name = Products;
			sourceTree = "<group>";
		};
		540F025D28A30B59000FC8E8 /* SwiftUIProject */ = {
			isa = PBXGroup;
			children = (
				54671C1128AC2C27003635DA /* Network */,
				54671C0F28AC2BE1003635DA /* Tabbar */,
				540F025E28A30B59000FC8E8 /* SwiftUIProjectApp.swift */,
				540F026228A30B5B000FC8E8 /* Assets.xcassets */,
				540F026728A30B5B000FC8E8 /* SwiftUIProject.entitlements */,
				540F026428A30B5B000FC8E8 /* Preview Content */,
				540F027728A31C4D000FC8E8 /* FirstView.swift */,
			);
			path = SwiftUIProject;
			sourceTree = "<group>";
		};
		540F026428A30B5B000FC8E8 /* Preview Content */ = {
			isa = PBXGroup;
			children = (
				540F026528A30B5B000FC8E8 /* Preview Assets.xcassets */,
			);
			path = "Preview Content";
			sourceTree = "<group>";
		};
		54671C0F28AC2BE1003635DA /* Tabbar */ = {
			isa = PBXGroup;
			children = (
				54671C1428AECD14003635DA /* Models.swift */,
				540F026028A30B59000FC8E8 /* TabbarView.swift */,
				54671C1028AC2C10003635DA /* Views */,
			);
			path = Tabbar;
			sourceTree = "<group>";
		};
		54671C1028AC2C10003635DA /* Views */ = {
			isa = PBXGroup;
			children = (
				540F026D28A310FB000FC8E8 /* HomeScreen.swift */,
				540F026F28A31125000FC8E8 /* CustomersScreen.swift */,
				540F027128A31189000FC8E8 /* AddCustomer.swift */,
				540F027328A311EC000FC8E8 /* RoofPricingScreen.swift */,
				540F027528A31203000FC8E8 /* ProfileScreen.swift */,
			);
			path = Views;
			sourceTree = "<group>";
		};
		54671C1128AC2C27003635DA /* Network */ = {
			isa = PBXGroup;
			children = (
				54671C1228AC2C4B003635DA /* APIStore.swift */,
			);
			path = Network;
			sourceTree = "<group>";
		};
/* End PBXGroup section */

/* Begin PBXNativeTarget section */
		540F025A28A30B59000FC8E8 /* SwiftUIProject */ = {
			isa = PBXNativeTarget;
			buildConfigurationList = 540F026A28A30B5B000FC8E8 /* Build configuration list for PBXNativeTarget "SwiftUIProject" */;
			buildPhases = (
				540F025728A30B59000FC8E8 /* Sources */,
				540F025828A30B59000FC8E8 /* Frameworks */,
				540F025928A30B59000FC8E8 /* Resources */,
			);
			buildRules = (
			);
			dependencies = (
			);
			name = SwiftUIProject;
			productName = SwiftUIProject;
			productReference = 540F025B28A30B59000FC8E8 /* SwiftUIProject.app */;
			productType = "com.apple.product-type.application";
		};
/* End PBXNativeTarget section */

/* Begin PBXProject section */
		540F025328A30B59000FC8E8 /* Project object */ = {
			isa = PBXProject;
			attributes = {
				BuildIndependentTargetsInParallel = 1;
				LastSwiftUpdateCheck = 1340;
				LastUpgradeCheck = 1340;
				TargetAttributes = {
					540F025A28A30B59000FC8E8 = {
						CreatedOnToolsVersion = 13.4.1;
					};
				};
			};
			buildConfigurationList = 540F025628A30B59000FC8E8 /* Build configuration list for PBXProject "SwiftUIProject" */;
			compatibilityVersion = "Xcode 13.0";
			developmentRegion = en;
			hasScannedForEncodings = 0;
			knownRegions = (
				en,
				Base,
			);
			mainGroup = 540F025228A30B59000FC8E8;
			productRefGroup = 540F025C28A30B59000FC8E8 /* Products */;
			projectDirPath = "";
			projectRoot = "";
			targets = (
				540F025A28A30B59000FC8E8 /* SwiftUIProject */,
			);
		};
/* End PBXProject section */

/* Begin PBXResourcesBuildPhase section */
		540F025928A30B59000FC8E8 /* Resources */ = {
			isa = PBXResourcesBuildPhase;
			buildActionMask = 2147483647;
			files = (
				540F026628A30B5B000FC8E8 /* Preview Assets.xcassets in Resources */,
				540F026328A30B5B000FC8E8 /* Assets.xcassets in Resources */,
			);
			runOnlyForDeploymentPostprocessing = 0;
		};
/* End PBXResourcesBuildPhase section */

/* Begin PBXSourcesBuildPhase section */
		540F025728A30B59000FC8E8 /* Sources */ = {
			isa = PBXSourcesBuildPhase;
			buildActionMask = 2147483647;
			files = (
				540F026128A30B59000FC8E8 /* TabbarView.swift in Sources */,
				540F027628A31203000FC8E8 /* ProfileScreen.swift in Sources */,
				540F027028A31125000FC8E8 /* CustomersScreen.swift in Sources */,
				54671C1328AC2C4B003635DA /* APIStore.swift in Sources */,
				540F027228A31189000FC8E8 /* AddCustomer.swift in Sources */,
				540F025F28A30B59000FC8E8 /* SwiftUIProjectApp.swift in Sources */,
				540F027828A31C4D000FC8E8 /* FirstView.swift in Sources */,
				540F027428A311EC000FC8E8 /* RoofPricingScreen.swift in Sources */,
				540F026E28A310FB000FC8E8 /* HomeScreen.swift in Sources */,
				54671C1528AECD14003635DA /* Models.swift in Sources */,
			);
			runOnlyForDeploymentPostprocessing = 0;
		};
/* End PBXSourcesBuildPhase section */

/* Begin XCBuildConfiguration section */
		540F026828A30B5B000FC8E8 /* Debug */ = {
			isa = XCBuildConfiguration;
			buildSettings = {
				ALWAYS_SEARCH_USER_PATHS = NO;
				CLANG_ANALYZER_NONNULL = YES;
				CLANG_ANALYZER_NUMBER_OBJECT_CONVERSION = YES_AGGRESSIVE;
				CLANG_CXX_LANGUAGE_STANDARD = "gnu++17";
				CLANG_ENABLE_MODULES = YES;
				CLANG_ENABLE_OBJC_ARC = YES;
				CLANG_ENABLE_OBJC_WEAK = YES;
				CLANG_WARN_BLOCK_CAPTURE_AUTORELEASING = YES;
				CLANG_WARN_BOOL_CONVERSION = YES;
				CLANG_WARN_COMMA = YES;
				CLANG_WARN_CONSTANT_CONVERSION = YES;
				CLANG_WARN_DEPRECATED_OBJC_IMPLEMENTATIONS = YES;
				CLANG_WARN_DIRECT_OBJC_ISA_USAGE = YES_ERROR;
				CLANG_WARN_DOCUMENTATION_COMMENTS = YES;
				CLANG_WARN_EMPTY_BODY = YES;
				CLANG_WARN_ENUM_CONVERSION = YES;
				CLANG_WARN_INFINITE_RECURSION = YES;
				CLANG_WARN_INT_CONVERSION = YES;
				CLANG_WARN_NON_LITERAL_NULL_CONVERSION = YES;
				CLANG_WARN_OBJC_IMPLICIT_RETAIN_SELF = YES;
				CLANG_WARN_OBJC_LITERAL_CONVERSION = YES;
				CLANG_WARN_OBJC_ROOT_CLASS = YES_ERROR;
				CLANG_WARN_QUOTED_INCLUDE_IN_FRAMEWORK_HEADER = YES;
				CLANG_WARN_RANGE_LOOP_ANALYSIS = YES;
				CLANG_WARN_STRICT_PROTOTYPES = YES;
				CLANG_WARN_SUSPICIOUS_MOVE = YES;
				CLANG_WARN_UNGUARDED_AVAILABILITY = YES_AGGRESSIVE;
				CLANG_WARN_UNREACHABLE_CODE = YES;
				CLANG_WARN__DUPLICATE_METHOD_MATCH = YES;
				COPY_PHASE_STRIP = NO;
				DEBUG_INFORMATION_FORMAT = dwarf;
				ENABLE_STRICT_OBJC_MSGSEND = YES;
				ENABLE_TESTABILITY = YES;
				GCC_C_LANGUAGE_STANDARD = gnu11;
				GCC_DYNAMIC_NO_PIC = NO;
				GCC_NO_COMMON_BLOCKS = YES;
				GCC_OPTIMIZATION_LEVEL = 0;
				GCC_PREPROCESSOR_DEFINITIONS = (
					"DEBUG=1",
					"$(inherited)",
				);
				GCC_WARN_64_TO_32_BIT_CONVERSION = YES;
				GCC_WARN_ABOUT_RETURN_TYPE = YES_ERROR;
				GCC_WARN_UNDECLARED_SELECTOR = YES;
				GCC_WARN_UNINITIALIZED_AUTOS = YES_AGGRESSIVE;
				GCC_WARN_UNUSED_FUNCTION = YES;
				GCC_WARN_UNUSED_VARIABLE = YES;
				MACOSX_DEPLOYMENT_TARGET = 11.0;
				MTL_ENABLE_DEBUG_INFO = INCLUDE_SOURCE;
				MTL_FAST_MATH = YES;
				ONLY_ACTIVE_ARCH = YES;
				SDKROOT = macosx;
				SWIFT_ACTIVE_COMPILATION_CONDITIONS = DEBUG;
				SWIFT_OPTIMIZATION_LEVEL = "-Onone";
			};
			name = Debug;
		};
		540F026928A30B5B000FC8E8 /* Release */ = {
			isa = XCBuildConfiguration;
			buildSettings = {
				ALWAYS_SEARCH_USER_PATHS = NO;
				CLANG_ANALYZER_NONNULL = YES;
				CLANG_ANALYZER_NUMBER_OBJECT_CONVERSION = YES_AGGRESSIVE;
				CLANG_CXX_LANGUAGE_STANDARD = "gnu++17";
				CLANG_ENABLE_MODULES = YES;
				CLANG_ENABLE_OBJC_ARC = YES;
				CLANG_ENABLE_OBJC_WEAK = YES;
				CLANG_WARN_BLOCK_CAPTURE_AUTORELEASING = YES;
				CLANG_WARN_BOOL_CONVERSION = YES;
				CLANG_WARN_COMMA = YES;
				CLANG_WARN_CONSTANT_CONVERSION = YES;
				CLANG_WARN_DEPRECATED_OBJC_IMPLEMENTATIONS = YES;
				CLANG_WARN_DIRECT_OBJC_ISA_USAGE = YES_ERROR;
				CLANG_WARN_DOCUMENTATION_COMMENTS = YES;
				CLANG_WARN_EMPTY_BODY = YES;
				CLANG_WARN_ENUM_CONVERSION = YES;
				CLANG_WARN_INFINITE_RECURSION = YES;
				CLANG_WARN_INT_CONVERSION = YES;
				CLANG_WARN_NON_LITERAL_NULL_CONVERSION = YES;
				CLANG_WARN_OBJC_IMPLICIT_RETAIN_SELF = YES;
				CLANG_WARN_OBJC_LITERAL_CONVERSION = YES;
				CLANG_WARN_OBJC_ROOT_CLASS = YES_ERROR;
				CLANG_WARN_QUOTED_INCLUDE_IN_FRAMEWORK_HEADER = YES;
				CLANG_WARN_RANGE_LOOP_ANALYSIS = YES;
				CLANG_WARN_STRICT_PROTOTYPES = YES;
				CLANG_WARN_SUSPICIOUS_MOVE = YES;
				CLANG_WARN_UNGUARDED_AVAILABILITY = YES_AGGRESSIVE;
				CLANG_WARN_UNREACHABLE_CODE = YES;
				CLANG_WARN__DUPLICATE_METHOD_MATCH = YES;
				COPY_PHASE_STRIP = NO;
				DEBUG_INFORMATION_FORMAT = "dwarf-with-dsym";
				ENABLE_NS_ASSERTIONS = NO;
				ENABLE_STRICT_OBJC_MSGSEND = YES;
				GCC_C_LANGUAGE_STANDARD = gnu11;
				GCC_NO_COMMON_BLOCKS = YES;
				GCC_WARN_64_TO_32_BIT_CONVERSION = YES;
				GCC_WARN_ABOUT_RETURN_TYPE = YES_ERROR;
				GCC_WARN_UNDECLARED_SELECTOR = YES;
				GCC_WARN_UNINITIALIZED_AUTOS = YES_AGGRESSIVE;
				GCC_WARN_UNUSED_FUNCTION = YES;
				GCC_WARN_UNUSED_VARIABLE = YES;
				MACOSX_DEPLOYMENT_TARGET = 11.0;
				MTL_ENABLE_DEBUG_INFO = NO;
				MTL_FAST_MATH = YES;
				SDKROOT = macosx;
				SWIFT_COMPILATION_MODE = wholemodule;
				SWIFT_OPTIMIZATION_LEVEL = "-O";
			};
			name = Release;
		};
		540F026B28A30B5B000FC8E8 /* Debug */ = {
			isa = XCBuildConfiguration;
			buildSettings = {
				ASSETCATALOG_COMPILER_APPICON_NAME = AppIcon;
				ASSETCATALOG_COMPILER_GLOBAL_ACCENT_COLOR_NAME = AccentColor;
				CODE_SIGN_ENTITLEMENTS = SwiftUIProject/SwiftUIProject.entitlements;
				CODE_SIGN_STYLE = Automatic;
				COMBINE_HIDPI_IMAGES = YES;
				CURRENT_PROJECT_VERSION = 1;
				DEVELOPMENT_ASSET_PATHS = "\"SwiftUIProject/Preview Content\"";
				DEVELOPMENT_TEAM = 9DZWZ3XCS8;
				ENABLE_HARDENED_RUNTIME = YES;
				ENABLE_PREVIEWS = YES;
				GENERATE_INFOPLIST_FILE = YES;
				INFOPLIST_KEY_LSApplicationCategoryType = "public.app-category.productivity";
				INFOPLIST_KEY_NSHumanReadableCopyright = "";
				INFOPLIST_KEY_UILaunchStoryboardName = ContentView;
				IPHONEOS_DEPLOYMENT_TARGET = 15.0;
				LD_RUNPATH_SEARCH_PATHS = (
					"$(inherited)",
					"@executable_path/../Frameworks",
				);
				MACOSX_DEPLOYMENT_TARGET = 11.0;
				MARKETING_VERSION = 1.0;
				PRODUCT_BUNDLE_IDENTIFIER = GNDR.SwiftUIProject;
				PRODUCT_NAME = "$(TARGET_NAME)";
				SDKROOT = iphoneos;
				SWIFT_EMIT_LOC_STRINGS = YES;
				SWIFT_VERSION = 5.0;
			};
			name = Debug;
		};
		540F026C28A30B5B000FC8E8 /* Release */ = {
			isa = XCBuildConfiguration;
			buildSettings = {
				ASSETCATALOG_COMPILER_APPICON_NAME = AppIcon;
				ASSETCATALOG_COMPILER_GLOBAL_ACCENT_COLOR_NAME = AccentColor;
				CODE_SIGN_ENTITLEMENTS = SwiftUIProject/SwiftUIProject.entitlements;
				CODE_SIGN_STYLE = Automatic;
				COMBINE_HIDPI_IMAGES = YES;
				CURRENT_PROJECT_VERSION = 1;
				DEVELOPMENT_ASSET_PATHS = "\"SwiftUIProject/Preview Content\"";
				DEVELOPMENT_TEAM = 9DZWZ3XCS8;
				ENABLE_HARDENED_RUNTIME = YES;
				ENABLE_PREVIEWS = YES;
				GENERATE_INFOPLIST_FILE = YES;
				INFOPLIST_KEY_LSApplicationCategoryType = "public.app-category.productivity";
				INFOPLIST_KEY_NSHumanReadableCopyright = "";
				INFOPLIST_KEY_UILaunchStoryboardName = ContentView;
				IPHONEOS_DEPLOYMENT_TARGET = 15.0;
				LD_RUNPATH_SEARCH_PATHS = (
					"$(inherited)",
					"@executable_path/../Frameworks",
				);
				MACOSX_DEPLOYMENT_TARGET = 11.0;
				MARKETING_VERSION = 1.0;
				PRODUCT_BUNDLE_IDENTIFIER = GNDR.SwiftUIProject;
				PRODUCT_NAME = "$(TARGET_NAME)";
				SDKROOT = iphoneos;
				SWIFT_EMIT_LOC_STRINGS = YES;
				SWIFT_VERSION = 5.0;
			};
			name = Release;
		};
/* End XCBuildConfiguration section */

/* Begin XCConfigurationList section */
		540F025628A30B59000FC8E8 /* Build configuration list for PBXProject "SwiftUIProject" */ = {
			isa = XCConfigurationList;
			buildConfigurations = (
				540F026828A30B5B000FC8E8 /* Debug */,
				540F026928A30B5B000FC8E8 /* Release */,
			);
			defaultConfigurationIsVisible = 0;
			defaultConfigurationName = Release;
		};
		540F026A28A30B5B000FC8E8 /* Build configuration list for PBXNativeTarget "SwiftUIProject" */ = {
			isa = XCConfigurationList;
			buildConfigurations = (
				540F026B28A30B5B000FC8E8 /* Debug */,
				540F026C28A30B5B000FC8E8 /* Release */,
			);
			defaultConfigurationIsVisible = 0;
			defaultConfigurationName = Release;
		};
/* End XCConfigurationList section */
	};
	rootObject = 540F025328A30B59000FC8E8 /* Project object */;
}
